
Microsoft Visual Studio Solution File, Format Version 12.00
# Visual Studio Version 16
VisualStudioVersion = 16.0.30907.101
MinimumVisualStudioVersion = 10.0.40219.1
Project("{FAE04EC0-301F-11D3-BF4B-00C04F79EFBC}") = "WindowsFormsApp5", "WindowsFormsApp5\WindowsFormsApp5.csproj", "{CE3ABB62-E841-43DD-9B2C-4CE0E60E7799}"
EndProject
Global
	GlobalSection(SolutionConfigurationPlatforms) = preSolution
		Debug|Any CPU = Debug|Any CPU
		Release|Any CPU = Release|Any CPU
	EndGlobalSection
	GlobalSection(ProjectConfigurationPlatforms) = postSolution
		{CE3ABB62-E841-43DD-9B2C-4CE0E60E7799}.Debug|Any CPU.ActiveCfg = Debug|Any CPU
		{CE3ABB62-E841-43DD-9B2C-4CE0E60E7799}.Debug|Any CPU.Build.0 = Debug|Any CPU
		{CE3ABB62-E841-43DD-9B2C-4CE0E60E7799}.Release|Any CPU.ActiveCfg = Release|Any CPU
		{CE3ABB62-E841-43DD-9B2C-4CE0E60E7799}.Release|Any CPU.Build.0 = Release|Any CPU
	EndGlobalSection
	GlobalSection(SolutionProperties) = preSolution
		HideSolutionNode = FALSE
	EndGlobalSection
	GlobalSection(ExtensibilityGlobals) = postSolution
		SolutionGuid = {E66B0B35-BF61-4F9F-BA54-134B82BEA0B8}
	EndGlobalSection
EndGlobal
