
Microsoft Visual Studio Solution File, Format Version 12.00
# Visual Studio Version 16
VisualStudioVersion = 16.0.30907.101
MinimumVisualStudioVersion = 10.0.40219.1
Project("{FAE04EC0-301F-11D3-BF4B-00C04F79EFBC}") = "MillerRabinTest", "MillerRabinTest\MillerRabinTest.csproj", "{09F6F763-EE22-4C77-BBEE-D816345D5DDB}"
EndProject
Global
	GlobalSection(SolutionConfigurationPlatforms) = preSolution
		Debug|Any CPU = Debug|Any CPU
		Release|Any CPU = Release|Any CPU
	EndGlobalSection
	GlobalSection(ProjectConfigurationPlatforms) = postSolution
		{09F6F763-EE22-4C77-BBEE-D816345D5DDB}.Debug|Any CPU.ActiveCfg = Debug|Any CPU
		{09F6F763-EE22-4C77-BBEE-D816345D5DDB}.Debug|Any CPU.Build.0 = Debug|Any CPU
		{09F6F763-EE22-4C77-BBEE-D816345D5DDB}.Release|Any CPU.ActiveCfg = Release|Any CPU
		{09F6F763-EE22-4C77-BBEE-D816345D5DDB}.Release|Any CPU.Build.0 = Release|Any CPU
	EndGlobalSection
	GlobalSection(SolutionProperties) = preSolution
		HideSolutionNode = FALSE
	EndGlobalSection
	GlobalSection(ExtensibilityGlobals) = postSolution
		SolutionGuid = {AB09E3FB-BE63-47A3-89A9-D68F1316C9B3}
	EndGlobalSection
EndGlobal
